# This file is automatically @generated by Cargo.
# It is not intended for manual editing.
version = 4

[[package]]
name = "jigsaw-bencode"
version = "0.1.0"

[[package]]
name = "jigsaw-cli"
version = "0.1.0"
dependencies = [
 "jigsaw-core",
]

[[package]]
name = "jigsaw-core"
version = "0.1.0"
dependencies = [
 "jigsaw-bencode",
]
